// !$*UTF8*$!
{
	archiveVersion = 1;
	classes = {
	};
	objectVersion = 56;
	objects = {

/* Begin PBXBuildFile section */
		78131B54299F13D0005715E3 /* AppDelegate.swift in Sources */ = {isa = PBXBuildFile; fileRef = 78131B53299F13D0005715E3 /* AppDelegate.swift */; };
		78131B56299F13D0005715E3 /* SceneDelegate.swift in Sources */ = {isa = PBXBuildFile; fileRef = 78131B55299F13D0005715E3 /* SceneDelegate.swift */; };
		78131B58299F13D0005715E3 /* ViewController.swift in Sources */ = {isa = PBXBuildFile; fileRef = 78131B57299F13D0005715E3 /* ViewController.swift */; };
		78131B5B299F13D0005715E3 /* Main.storyboard in Resources */ = {isa = PBXBuildFile; fileRef = 78131B59299F13D0005715E3 /* Main.storyboard */; };
		78131B5D299F13D1005715E3 /* Assets.xcassets in Resources */ = {isa = PBXBuildFile; fileRef = 78131B5C299F13D1005715E3 /* Assets.xcassets */; };
		78131B60299F13D1005715E3 /* LaunchScreen.storyboard in Resources */ = {isa = PBXBuildFile; fileRef = 78131B5E299F13D1005715E3 /* LaunchScreen.storyboard */; };
		78131B6B299F13D1005715E3 /* StoryBoardSwiftUITests.swift in Sources */ = {isa = PBXBuildFile; fileRef = 78131B6A299F13D1005715E3 /* StoryBoardSwiftUITests.swift */; };
		78131B75299F13D1005715E3 /* StoryBoardSwiftUIUITests.swift in Sources */ = {isa = PBXBuildFile; fileRef = 78131B74299F13D1005715E3 /* StoryBoardSwiftUIUITests.swift */; };
		78131B77299F13D1005715E3 /* StoryBoardSwiftUIUITestsLaunchTests.swift in Sources */ = {isa = PBXBuildFile; fileRef = 78131B76299F13D1005715E3 /* StoryBoardSwiftUIUITestsLaunchTests.swift */; };
		78131B85299F1762005715E3 /* Sample01SwiftUIView.swift in Sources */ = {isa = PBXBuildFile; fileRef = 78131B84299F1762005715E3 /* Sample01SwiftUIView.swift */; };
		78131B88299F1D09005715E3 /* Sample02ViewController.swift in Sources */ = {isa = PBXBuildFile; fileRef = 78131B87299F1D09005715E3 /* Sample02ViewController.swift */; };
		78131B8A299F2B8C005715E3 /* Sample03SwiftUIView.swift in Sources */ = {isa = PBXBuildFile; fileRef = 78131B89299F2B8C005715E3 /* Sample03SwiftUIView.swift */; };
		781431B229A5A56500C9E703 /* HelloBoostSignal.cpp in Sources */ = {isa = PBXBuildFile; fileRef = 781431B129A5A56500C9E703 /* HelloBoostSignal.cpp */; };
		781431B629A5DA2700C9E703 /* WorldBoostSignal.mm in Sources */ = {isa = PBXBuildFile; fileRef = 781431B429A5DA2700C9E703 /* WorldBoostSignal.mm */; };
		78B2FCF329A461B900EC02EB /* HelloWorldCppFile.cpp in Sources */ = {isa = PBXBuildFile; fileRef = 78B2FCF129A461B900EC02EB /* HelloWorldCppFile.cpp */; };
		78B2FCF729A46CAF00EC02EB /* ObjCBridgeCpp.mm in Sources */ = {isa = PBXBuildFile; fileRef = 78B2FCF629A46CAF00EC02EB /* ObjCBridgeCpp.mm */; };
/* End PBXBuildFile section */

/* Begin PBXContainerItemProxy section */
		78131B67299F13D1005715E3 /* PBXContainerItemProxy */ = {
			isa = PBXContainerItemProxy;
			containerPortal = 78131B48299F13D0005715E3 /* Project object */;
			proxyType = 1;
			remoteGlobalIDString = 78131B4F299F13D0005715E3;
			remoteInfo = StoryBoardSwiftUI;
		};
		78131B71299F13D1005715E3 /* PBXContainerItemProxy */ = {
			isa = PBXContainerItemProxy;
			containerPortal = 78131B48299F13D0005715E3 /* Project object */;
			proxyType = 1;
			remoteGlobalIDString = 78131B4F299F13D0005715E3;
			remoteInfo = StoryBoardSwiftUI;
		};
/* End PBXContainerItemProxy section */

/* Begin PBXFileReference section */
		78131B50299F13D0005715E3 /* StoryBoardSwiftUI.app */ = {isa = PBXFileReference; explicitFileType = wrapper.application; includeInIndex = 0; path = StoryBoardSwiftUI.app; sourceTree = BUILT_PRODUCTS_DIR; };
		78131B53299F13D0005715E3 /* AppDelegate.swift */ = {isa = PBXFileReference; lastKnownFileType = sourcecode.swift; path = AppDelegate.swift; sourceTree = "<group>"; };
		78131B55299F13D0005715E3 /* SceneDelegate.swift */ = {isa = PBXFileReference; lastKnownFileType = sourcecode.swift; path = SceneDelegate.swift; sourceTree = "<group>"; };
		78131B57299F13D0005715E3 /* ViewController.swift */ = {isa = PBXFileReference; lastKnownFileType = sourcecode.swift; path = ViewController.swift; sourceTree = "<group>"; };
		78131B5A299F13D0005715E3 /* Base */ = {isa = PBXFileReference; lastKnownFileType = file.storyboard; name = Base; path = Base.lproj/Main.storyboard; sourceTree = "<group>"; };
		78131B5C299F13D1005715E3 /* Assets.xcassets */ = {isa = PBXFileReference; lastKnownFileType = folder.assetcatalog; path = Assets.xcassets; sourceTree = "<group>"; };
		78131B5F299F13D1005715E3 /* Base */ = {isa = PBXFileReference; lastKnownFileType = file.storyboard; name = Base; path = Base.lproj/LaunchScreen.storyboard; sourceTree = "<group>"; };
		78131B61299F13D1005715E3 /* Info.plist */ = {isa = PBXFileReference; lastKnownFileType = text.plist.xml; path = Info.plist; sourceTree = "<group>"; };
		78131B66299F13D1005715E3 /* StoryBoardSwiftUITests.xctest */ = {isa = PBXFileReference; explicitFileType = wrapper.cfbundle; includeInIndex = 0; path = StoryBoardSwiftUITests.xctest; sourceTree = BUILT_PRODUCTS_DIR; };
		78131B6A299F13D1005715E3 /* StoryBoardSwiftUITests.swift */ = {isa = PBXFileReference; lastKnownFileType = sourcecode.swift; path = StoryBoardSwiftUITests.swift; sourceTree = "<group>"; };
		78131B70299F13D1005715E3 /* StoryBoardSwiftUIUITests.xctest */ = {isa = PBXFileReference; explicitFileType = wrapper.cfbundle; includeInIndex = 0; path = StoryBoardSwiftUIUITests.xctest; sourceTree = BUILT_PRODUCTS_DIR; };
		78131B74299F13D1005715E3 /* StoryBoardSwiftUIUITests.swift */ = {isa = PBXFileReference; lastKnownFileType = sourcecode.swift; path = StoryBoardSwiftUIUITests.swift; sourceTree = "<group>"; };
		78131B76299F13D1005715E3 /* StoryBoardSwiftUIUITestsLaunchTests.swift */ = {isa = PBXFileReference; lastKnownFileType = sourcecode.swift; path = StoryBoardSwiftUIUITestsLaunchTests.swift; sourceTree = "<group>"; };
		78131B84299F1762005715E3 /* Sample01SwiftUIView.swift */ = {isa = PBXFileReference; lastKnownFileType = sourcecode.swift; path = Sample01SwiftUIView.swift; sourceTree = "<group>"; };
		78131B87299F1D09005715E3 /* Sample02ViewController.swift */ = {isa = PBXFileReference; lastKnownFileType = sourcecode.swift; path = Sample02ViewController.swift; sourceTree = "<group>"; };
		78131B89299F2B8C005715E3 /* Sample03SwiftUIView.swift */ = {isa = PBXFileReference; lastKnownFileType = sourcecode.swift; path = Sample03SwiftUIView.swift; sourceTree = "<group>"; };
		781431B029A5A56500C9E703 /* HelloBoostSignal.hpp */ = {isa = PBXFileReference; fileEncoding = 4; lastKnownFileType = sourcecode.cpp.h; path = HelloBoostSignal.hpp; sourceTree = "<group>"; };
		781431B129A5A56500C9E703 /* HelloBoostSignal.cpp */ = {isa = PBXFileReference; fileEncoding = 4; lastKnownFileType = sourcecode.cpp.cpp; path = HelloBoostSignal.cpp; sourceTree = "<group>"; };
		781431B429A5DA2700C9E703 /* WorldBoostSignal.mm */ = {isa = PBXFileReference; fileEncoding = 4; lastKnownFileType = sourcecode.cpp.objcpp; path = WorldBoostSignal.mm; sourceTree = "<group>"; };
		781431B529A5DA2700C9E703 /* WorldBoostSignal.h */ = {isa = PBXFileReference; fileEncoding = 4; lastKnownFileType = sourcecode.c.h; path = WorldBoostSignal.h; sourceTree = "<group>"; };
		78B2FCED29A45D0D00EC02EB /* StoryBoardSwiftUI-Bridging-Header.h */ = {isa = PBXFileReference; lastKnownFileType = sourcecode.c.h; path = "StoryBoardSwiftUI-Bridging-Header.h"; sourceTree = "<group>"; };
		78B2FCF129A461B900EC02EB /* HelloWorldCppFile.cpp */ = {isa = PBXFileReference; lastKnownFileType = sourcecode.cpp.cpp; path = HelloWorldCppFile.cpp; sourceTree = "<group>"; };
		78B2FCF229A461B900EC02EB /* HelloWorldCppFile.hpp */ = {isa = PBXFileReference; lastKnownFileType = sourcecode.cpp.h; path = HelloWorldCppFile.hpp; sourceTree = "<group>"; };
		78B2FCF529A46CAF00EC02EB /* ObjCBridgeCpp.h */ = {isa = PBXFileReference; lastKnownFileType = sourcecode.c.h; path = ObjCBridgeCpp.h; sourceTree = "<group>"; };
		78B2FCF629A46CAF00EC02EB /* ObjCBridgeCpp.mm */ = {isa = PBXFileReference; lastKnownFileType = sourcecode.cpp.objcpp; path = ObjCBridgeCpp.mm; sourceTree = "<group>"; };
/* End PBXFileReference section */

/* Begin PBXFrameworksBuildPhase section */
		78131B4D299F13D0005715E3 /* Frameworks */ = {
			isa = PBXFrameworksBuildPhase;
			buildActionMask = 2147483647;
			files = (
			);
			runOnlyForDeploymentPostprocessing = 0;
		};
		78131B63299F13D1005715E3 /* Frameworks */ = {
			isa = PBXFrameworksBuildPhase;
			buildActionMask = 2147483647;
			files = (
			);
			runOnlyForDeploymentPostprocessing = 0;
		};
		78131B6D299F13D1005715E3 /* Frameworks */ = {
			isa = PBXFrameworksBuildPhase;
			buildActionMask = 2147483647;
			files = (
			);
			runOnlyForDeploymentPostprocessing = 0;
		};
/* End PBXFrameworksBuildPhase section */

/* Begin PBXGroup section */
		78131B47299F13D0005715E3 = {
			isa = PBXGroup;
			children = (
				78131B52299F13D0005715E3 /* StoryBoardSwiftUI */,
				78131B69299F13D1005715E3 /* StoryBoardSwiftUITests */,
				78131B73299F13D1005715E3 /* StoryBoardSwiftUIUITests */,
				78131B51299F13D0005715E3 /* Products */,
			);
			sourceTree = "<group>";
		};
		78131B51299F13D0005715E3 /* Products */ = {
			isa = PBXGroup;
			children = (
				78131B50299F13D0005715E3 /* StoryBoardSwiftUI.app */,
				78131B66299F13D1005715E3 /* StoryBoardSwiftUITests.xctest */,
				78131B70299F13D1005715E3 /* StoryBoardSwiftUIUITests.xctest */,
			);
			name = Products;
			sourceTree = "<group>";
		};
		78131B52299F13D0005715E3 /* StoryBoardSwiftUI */ = {
			isa = PBXGroup;
			children = (
				78131B53299F13D0005715E3 /* AppDelegate.swift */,
				78131B5C299F13D1005715E3 /* Assets.xcassets */,
				78B2FCEC29A45CC400EC02EB /* CPP_Files */,
				78131B61299F13D1005715E3 /* Info.plist */,
				78131B5E299F13D1005715E3 /* LaunchScreen.storyboard */,
				78131B59299F13D0005715E3 /* Main.storyboard */,
				78B2FCF429A46C7C00EC02EB /* ObjC */,
				78131B55299F13D0005715E3 /* SceneDelegate.swift */,
				78131B83299F1746005715E3 /* SwiftUI */,
				78131B86299F1CD1005715E3 /* UIViewController */,
				78131B57299F13D0005715E3 /* ViewController.swift */,
			);
			path = StoryBoardSwiftUI;
			sourceTree = "<group>";
		};
		78131B69299F13D1005715E3 /* StoryBoardSwiftUITests */ = {
			isa = PBXGroup;
			children = (
				78131B6A299F13D1005715E3 /* StoryBoardSwiftUITests.swift */,
			);
			path = StoryBoardSwiftUITests;
			sourceTree = "<group>";
		};
		78131B73299F13D1005715E3 /* StoryBoardSwiftUIUITests */ = {
			isa = PBXGroup;
			children = (
				78131B74299F13D1005715E3 /* StoryBoardSwiftUIUITests.swift */,
				78131B76299F13D1005715E3 /* StoryBoardSwiftUIUITestsLaunchTests.swift */,
			);
			path = StoryBoardSwiftUIUITests;
			sourceTree = "<group>";
		};
		78131B83299F1746005715E3 /* SwiftUI */ = {
			isa = PBXGroup;
			children = (
				78131B84299F1762005715E3 /* Sample01SwiftUIView.swift */,
				78131B89299F2B8C005715E3 /* Sample03SwiftUIView.swift */,
			);
			path = SwiftUI;
			sourceTree = "<group>";
		};
		78131B86299F1CD1005715E3 /* UIViewController */ = {
			isa = PBXGroup;
			children = (
				78131B87299F1D09005715E3 /* Sample02ViewController.swift */,
			);
			path = UIViewController;
			sourceTree = "<group>";
		};
		78B2FCEC29A45CC400EC02EB /* CPP_Files */ = {
			isa = PBXGroup;
			children = (
				781431B129A5A56500C9E703 /* HelloBoostSignal.cpp */,
				781431B029A5A56500C9E703 /* HelloBoostSignal.hpp */,
				78B2FCF129A461B900EC02EB /* HelloWorldCppFile.cpp */,
				78B2FCF229A461B900EC02EB /* HelloWorldCppFile.hpp */,
				78B2FCED29A45D0D00EC02EB /* StoryBoardSwiftUI-Bridging-Header.h */,
			);
			path = CPP_Files;
			sourceTree = "<group>";
		};
		78B2FCF429A46C7C00EC02EB /* ObjC */ = {
			isa = PBXGroup;
			children = (
				78B2FCF529A46CAF00EC02EB /* ObjCBridgeCpp.h */,
				78B2FCF629A46CAF00EC02EB /* ObjCBridgeCpp.mm */,
				781431B529A5DA2700C9E703 /* WorldBoostSignal.h */,
				781431B429A5DA2700C9E703 /* WorldBoostSignal.mm */,
			);
			path = ObjC;
			sourceTree = "<group>";
		};
/* End PBXGroup section */

/* Begin PBXNativeTarget section */
		78131B4F299F13D0005715E3 /* StoryBoardSwiftUI */ = {
			isa = PBXNativeTarget;
			buildConfigurationList = 78131B7A299F13D1005715E3 /* Build configuration list for PBXNativeTarget "StoryBoardSwiftUI" */;
			buildPhases = (
				78131B4C299F13D0005715E3 /* Sources */,
				78131B4D299F13D0005715E3 /* Frameworks */,
				78131B4E299F13D0005715E3 /* Resources */,
			);
			buildRules = (
			);
			dependencies = (
			);
			name = StoryBoardSwiftUI;
			productName = StoryBoardSwiftUI;
			productReference = 78131B50299F13D0005715E3 /* StoryBoardSwiftUI.app */;
			productType = "com.apple.product-type.application";
		};
		78131B65299F13D1005715E3 /* StoryBoardSwiftUITests */ = {
			isa = PBXNativeTarget;
			buildConfigurationList = 78131B7D299F13D1005715E3 /* Build configuration list for PBXNativeTarget "StoryBoardSwiftUITests" */;
			buildPhases = (
				78131B62299F13D1005715E3 /* Sources */,
				78131B63299F13D1005715E3 /* Frameworks */,
				78131B64299F13D1005715E3 /* Resources */,
			);
			buildRules = (
			);
			dependencies = (
				78131B68299F13D1005715E3 /* PBXTargetDependency */,
			);
			name = StoryBoardSwiftUITests;
			productName = StoryBoardSwiftUITests;
			productReference = 78131B66299F13D1005715E3 /* StoryBoardSwiftUITests.xctest */;
			productType = "com.apple.product-type.bundle.unit-test";
		};
		78131B6F299F13D1005715E3 /* StoryBoardSwiftUIUITests */ = {
			isa = PBXNativeTarget;
			buildConfigurationList = 78131B80299F13D1005715E3 /* Build configuration list for PBXNativeTarget "StoryBoardSwiftUIUITests" */;
			buildPhases = (
				78131B6C299F13D1005715E3 /* Sources */,
				78131B6D299F13D1005715E3 /* Frameworks */,
				78131B6E299F13D1005715E3 /* Resources */,
			);
			buildRules = (
			);
			dependencies = (
				78131B72299F13D1005715E3 /* PBXTargetDependency */,
			);
			name = StoryBoardSwiftUIUITests;
			productName = StoryBoardSwiftUIUITests;
			productReference = 78131B70299F13D1005715E3 /* StoryBoardSwiftUIUITests.xctest */;
			productType = "com.apple.product-type.bundle.ui-testing";
		};
/* End PBXNativeTarget section */

/* Begin PBXProject section */
		78131B48299F13D0005715E3 /* Project object */ = {
			isa = PBXProject;
			attributes = {
				BuildIndependentTargetsInParallel = 1;
				LastSwiftUpdateCheck = 1420;
				LastUpgradeCheck = 1420;
				TargetAttributes = {
					78131B4F299F13D0005715E3 = {
						CreatedOnToolsVersion = 14.2;
						LastSwiftMigration = 1430;
					};
					78131B65299F13D1005715E3 = {
						CreatedOnToolsVersion = 14.2;
						TestTargetID = 78131B4F299F13D0005715E3;
					};
					78131B6F299F13D1005715E3 = {
						CreatedOnToolsVersion = 14.2;
						TestTargetID = 78131B4F299F13D0005715E3;
					};
				};
			};
			buildConfigurationList = 78131B4B299F13D0005715E3 /* Build configuration list for PBXProject "StoryBoardSwiftUI" */;
			compatibilityVersion = "Xcode 14.0";
			developmentRegion = en;
			hasScannedForEncodings = 0;
			knownRegions = (
				en,
				Base,
			);
			mainGroup = 78131B47299F13D0005715E3;
			productRefGroup = 78131B51299F13D0005715E3 /* Products */;
			projectDirPath = "";
			projectRoot = "";
			targets = (
				78131B4F299F13D0005715E3 /* StoryBoardSwiftUI */,
				78131B65299F13D1005715E3 /* StoryBoardSwiftUITests */,
				78131B6F299F13D1005715E3 /* StoryBoardSwiftUIUITests */,
			);
		};
/* End PBXProject section */

/* Begin PBXResourcesBuildPhase section */
		78131B4E299F13D0005715E3 /* Resources */ = {
			isa = PBXResourcesBuildPhase;
			buildActionMask = 2147483647;
			files = (
				78131B60299F13D1005715E3 /* LaunchScreen.storyboard in Resources */,
				78131B5D299F13D1005715E3 /* Assets.xcassets in Resources */,
				78131B5B299F13D0005715E3 /* Main.storyboard in Resources */,
			);
			runOnlyForDeploymentPostprocessing = 0;
		};
		78131B64299F13D1005715E3 /* Resources */ = {
			isa = PBXResourcesBuildPhase;
			buildActionMask = 2147483647;
			files = (
			);
			runOnlyForDeploymentPostprocessing = 0;
		};
		78131B6E299F13D1005715E3 /* Resources */ = {
			isa = PBXResourcesBuildPhase;
			buildActionMask = 2147483647;
			files = (
			);
			runOnlyForDeploymentPostprocessing = 0;
		};
/* End PBXResourcesBuildPhase section */

/* Begin PBXSourcesBuildPhase section */
		78131B4C299F13D0005715E3 /* Sources */ = {
			isa = PBXSourcesBuildPhase;
			buildActionMask = 2147483647;
			files = (
				78B2FCF729A46CAF00EC02EB /* ObjCBridgeCpp.mm in Sources */,
				781431B229A5A56500C9E703 /* HelloBoostSignal.cpp in Sources */,
				78131B58299F13D0005715E3 /* ViewController.swift in Sources */,
				78B2FCF329A461B900EC02EB /* HelloWorldCppFile.cpp in Sources */,
				78131B8A299F2B8C005715E3 /* Sample03SwiftUIView.swift in Sources */,
				78131B85299F1762005715E3 /* Sample01SwiftUIView.swift in Sources */,
				781431B629A5DA2700C9E703 /* WorldBoostSignal.mm in Sources */,
				78131B54299F13D0005715E3 /* AppDelegate.swift in Sources */,
				78131B56299F13D0005715E3 /* SceneDelegate.swift in Sources */,
				78131B88299F1D09005715E3 /* Sample02ViewController.swift in Sources */,
			);
			runOnlyForDeploymentPostprocessing = 0;
		};
		78131B62299F13D1005715E3 /* Sources */ = {
			isa = PBXSourcesBuildPhase;
			buildActionMask = 2147483647;
			files = (
				78131B6B299F13D1005715E3 /* StoryBoardSwiftUITests.swift in Sources */,
			);
			runOnlyForDeploymentPostprocessing = 0;
		};
		78131B6C299F13D1005715E3 /* Sources */ = {
			isa = PBXSourcesBuildPhase;
			buildActionMask = 2147483647;
			files = (
				78131B75299F13D1005715E3 /* StoryBoardSwiftUIUITests.swift in Sources */,
				78131B77299F13D1005715E3 /* StoryBoardSwiftUIUITestsLaunchTests.swift in Sources */,
			);
			runOnlyForDeploymentPostprocessing = 0;
		};
/* End PBXSourcesBuildPhase section */

/* Begin PBXTargetDependency section */
		78131B68299F13D1005715E3 /* PBXTargetDependency */ = {
			isa = PBXTargetDependency;
			target = 78131B4F299F13D0005715E3 /* StoryBoardSwiftUI */;
			targetProxy = 78131B67299F13D1005715E3 /* PBXContainerItemProxy */;
		};
		78131B72299F13D1005715E3 /* PBXTargetDependency */ = {
			isa = PBXTargetDependency;
			target = 78131B4F299F13D0005715E3 /* StoryBoardSwiftUI */;
			targetProxy = 78131B71299F13D1005715E3 /* PBXContainerItemProxy */;
		};
/* End PBXTargetDependency section */

/* Begin PBXVariantGroup section */
		78131B59299F13D0005715E3 /* Main.storyboard */ = {
			isa = PBXVariantGroup;
			children = (
				78131B5A299F13D0005715E3 /* Base */,
			);
			name = Main.storyboard;
			sourceTree = "<group>";
		};
		78131B5E299F13D1005715E3 /* LaunchScreen.storyboard */ = {
			isa = PBXVariantGroup;
			children = (
				78131B5F299F13D1005715E3 /* Base */,
			);
			name = LaunchScreen.storyboard;
			sourceTree = "<group>";
		};
/* End PBXVariantGroup section */

/* Begin XCBuildConfiguration section */
		78131B78299F13D1005715E3 /* Debug */ = {
			isa = XCBuildConfiguration;
			buildSettings = {
				ALWAYS_SEARCH_USER_PATHS = NO;
				CLANG_ANALYZER_NONNULL = YES;
				CLANG_ANALYZER_NUMBER_OBJECT_CONVERSION = YES_AGGRESSIVE;
				CLANG_CXX_LANGUAGE_STANDARD = "gnu++20";
				CLANG_ENABLE_MODULES = YES;
				CLANG_ENABLE_OBJC_ARC = YES;
				CLANG_ENABLE_OBJC_WEAK = YES;
				CLANG_WARN_BLOCK_CAPTURE_AUTORELEASING = YES;
				CLANG_WARN_BOOL_CONVERSION = YES;
				CLANG_WARN_COMMA = YES;
				CLANG_WARN_CONSTANT_CONVERSION = YES;
				CLANG_WARN_DEPRECATED_OBJC_IMPLEMENTATIONS = YES;
				CLANG_WARN_DIRECT_OBJC_ISA_USAGE = YES_ERROR;
				CLANG_WARN_DOCUMENTATION_COMMENTS = YES;
				CLANG_WARN_EMPTY_BODY = YES;
				CLANG_WARN_ENUM_CONVERSION = YES;
				CLANG_WARN_INFINITE_RECURSION = YES;
				CLANG_WARN_INT_CONVERSION = YES;
				CLANG_WARN_NON_LITERAL_NULL_CONVERSION = YES;
				CLANG_WARN_OBJC_IMPLICIT_RETAIN_SELF = YES;
				CLANG_WARN_OBJC_LITERAL_CONVERSION = YES;
				CLANG_WARN_OBJC_ROOT_CLASS = YES_ERROR;
				CLANG_WARN_QUOTED_INCLUDE_IN_FRAMEWORK_HEADER = YES;
				CLANG_WARN_RANGE_LOOP_ANALYSIS = YES;
				CLANG_WARN_STRICT_PROTOTYPES = YES;
				CLANG_WARN_SUSPICIOUS_MOVE = YES;
				CLANG_WARN_UNGUARDED_AVAILABILITY = YES_AGGRESSIVE;
				CLANG_WARN_UNREACHABLE_CODE = YES;
				CLANG_WARN__DUPLICATE_METHOD_MATCH = YES;
				COPY_PHASE_STRIP = NO;
				DEBUG_INFORMATION_FORMAT = dwarf;
				ENABLE_STRICT_OBJC_MSGSEND = YES;
				ENABLE_TESTABILITY = YES;
				GCC_C_LANGUAGE_STANDARD = gnu11;
				GCC_DYNAMIC_NO_PIC = NO;
				GCC_NO_COMMON_BLOCKS = YES;
				GCC_OPTIMIZATION_LEVEL = 0;
				GCC_PREPROCESSOR_DEFINITIONS = (
					"DEBUG=1",
					"$(inherited)",
				);
				GCC_WARN_64_TO_32_BIT_CONVERSION = YES;
				GCC_WARN_ABOUT_RETURN_TYPE = YES_ERROR;
				GCC_WARN_UNDECLARED_SELECTOR = YES;
				GCC_WARN_UNINITIALIZED_AUTOS = YES_AGGRESSIVE;
				GCC_WARN_UNUSED_FUNCTION = YES;
				GCC_WARN_UNUSED_VARIABLE = YES;
				HEADER_SEARCH_PATHS = "";
				IPHONEOS_DEPLOYMENT_TARGET = 16.2;
				LIBRARY_SEARCH_PATHS = "";
				MTL_ENABLE_DEBUG_INFO = INCLUDE_SOURCE;
				MTL_FAST_MATH = YES;
				ONLY_ACTIVE_ARCH = YES;
				SDKROOT = iphoneos;
				SWIFT_ACTIVE_COMPILATION_CONDITIONS = DEBUG;
				SWIFT_OPTIMIZATION_LEVEL = "-Onone";
				USER_HEADER_SEARCH_PATHS = "";
			};
			name = Debug;
		};
		78131B79299F13D1005715E3 /* Release */ = {
			isa = XCBuildConfiguration;
			buildSettings = {
				ALWAYS_SEARCH_USER_PATHS = NO;
				CLANG_ANALYZER_NONNULL = YES;
				CLANG_ANALYZER_NUMBER_OBJECT_CONVERSION = YES_AGGRESSIVE;
				CLANG_CXX_LANGUAGE_STANDARD = "gnu++20";
				CLANG_ENABLE_MODULES = YES;
				CLANG_ENABLE_OBJC_ARC = YES;
				CLANG_ENABLE_OBJC_WEAK = YES;
				CLANG_WARN_BLOCK_CAPTURE_AUTORELEASING = YES;
				CLANG_WARN_BOOL_CONVERSION = YES;
				CLANG_WARN_COMMA = YES;
				CLANG_WARN_CONSTANT_CONVERSION = YES;
				CLANG_WARN_DEPRECATED_OBJC_IMPLEMENTATIONS = YES;
				CLANG_WARN_DIRECT_OBJC_ISA_USAGE = YES_ERROR;
				CLANG_WARN_DOCUMENTATION_COMMENTS = YES;
				CLANG_WARN_EMPTY_BODY = YES;
				CLANG_WARN_ENUM_CONVERSION = YES;
				CLANG_WARN_INFINITE_RECURSION = YES;
				CLANG_WARN_INT_CONVERSION = YES;
				CLANG_WARN_NON_LITERAL_NULL_CONVERSION = YES;
				CLANG_WARN_OBJC_IMPLICIT_RETAIN_SELF = YES;
				CLANG_WARN_OBJC_LITERAL_CONVERSION = YES;
				CLANG_WARN_OBJC_ROOT_CLASS = YES_ERROR;
				CLANG_WARN_QUOTED_INCLUDE_IN_FRAMEWORK_HEADER = YES;
				CLANG_WARN_RANGE_LOOP_ANALYSIS = YES;
				CLANG_WARN_STRICT_PROTOTYPES = YES;
				CLANG_WARN_SUSPICIOUS_MOVE = YES;
				CLANG_WARN_UNGUARDED_AVAILABILITY = YES_AGGRESSIVE;
				CLANG_WARN_UNREACHABLE_CODE = YES;
				CLANG_WARN__DUPLICATE_METHOD_MATCH = YES;
				COPY_PHASE_STRIP = NO;
				DEBUG_INFORMATION_FORMAT = "dwarf-with-dsym";
				ENABLE_NS_ASSERTIONS = NO;
				ENABLE_STRICT_OBJC_MSGSEND = YES;
				GCC_C_LANGUAGE_STANDARD = gnu11;
				GCC_NO_COMMON_BLOCKS = YES;
				GCC_WARN_64_TO_32_BIT_CONVERSION = YES;
				GCC_WARN_ABOUT_RETURN_TYPE = YES_ERROR;
				GCC_WARN_UNDECLARED_SELECTOR = YES;
				GCC_WARN_UNINITIALIZED_AUTOS = YES_AGGRESSIVE;
				GCC_WARN_UNUSED_FUNCTION = YES;
				GCC_WARN_UNUSED_VARIABLE = YES;
				HEADER_SEARCH_PATHS = "";
				IPHONEOS_DEPLOYMENT_TARGET = 16.2;
				LIBRARY_SEARCH_PATHS = "";
				MTL_ENABLE_DEBUG_INFO = NO;
				MTL_FAST_MATH = YES;
				SDKROOT = iphoneos;
				SWIFT_COMPILATION_MODE = wholemodule;
				SWIFT_OPTIMIZATION_LEVEL = "-O";
				USER_HEADER_SEARCH_PATHS = "";
				VALIDATE_PRODUCT = YES;
			};
			name = Release;
		};
		78131B7B299F13D1005715E3 /* Debug */ = {
			isa = XCBuildConfiguration;
			buildSettings = {
				ASSETCATALOG_COMPILER_APPICON_NAME = AppIcon;
				ASSETCATALOG_COMPILER_GLOBAL_ACCENT_COLOR_NAME = AccentColor;
				CLANG_CXX_LANGUAGE_STANDARD = "gnu++20";
				CLANG_ENABLE_MODULES = YES;
				CODE_SIGN_STYLE = Automatic;
				CURRENT_PROJECT_VERSION = 1;
				DEVELOPMENT_TEAM = KKC9T8D9X4;
				GENERATE_INFOPLIST_FILE = YES;
				HEADER_SEARCH_PATHS = /opt/homebrew/include;
				INFOPLIST_FILE = StoryBoardSwiftUI/Info.plist;
				INFOPLIST_KEY_UIApplicationSupportsIndirectInputEvents = YES;
				INFOPLIST_KEY_UILaunchStoryboardName = LaunchScreen;
				INFOPLIST_KEY_UIMainStoryboardFile = Main;
				INFOPLIST_KEY_UISupportedInterfaceOrientations_iPad = "UIInterfaceOrientationPortrait UIInterfaceOrientationPortraitUpsideDown UIInterfaceOrientationLandscapeLeft UIInterfaceOrientationLandscapeRight";
				INFOPLIST_KEY_UISupportedInterfaceOrientations_iPhone = "UIInterfaceOrientationPortrait UIInterfaceOrientationLandscapeLeft UIInterfaceOrientationLandscapeRight";
				LD_RUNPATH_SEARCH_PATHS = (
					"$(inherited)",
					"@executable_path/Frameworks",
				);
				LIBRARY_SEARCH_PATHS = /opt/homebrew/lib;
				MARKETING_VERSION = 1.0;
				PRODUCT_BUNDLE_IDENTIFIER = com.test.dev.tool.StoryBoardSwiftUI;
				PRODUCT_NAME = "$(TARGET_NAME)";
				SWIFT_EMIT_LOC_STRINGS = YES;
				SWIFT_OBJC_BRIDGING_HEADER = "StoryBoardSwiftUI/CPP_Files/StoryBoardSwiftUI-Bridging-Header.h";
				SWIFT_OPTIMIZATION_LEVEL = "-Onone";
				SWIFT_VERSION = 5.0;
				SYSTEM_HEADER_SEARCH_PATHS = "";
				TARGETED_DEVICE_FAMILY = "1,2";
				USER_HEADER_SEARCH_PATHS = "";
			};
			name = Debug;
		};
		78131B7C299F13D1005715E3 /* Release */ = {
			isa = XCBuildConfiguration;
			buildSettings = {
				ASSETCATALOG_COMPILER_APPICON_NAME = AppIcon;
				ASSETCATALOG_COMPILER_GLOBAL_ACCENT_COLOR_NAME = AccentColor;
				CLANG_CXX_LANGUAGE_STANDARD = "gnu++20";
				CLANG_ENABLE_MODULES = YES;
				CODE_SIGN_STYLE = Automatic;
				CURRENT_PROJECT_VERSION = 1;
				DEVELOPMENT_TEAM = KKC9T8D9X4;
				GENERATE_INFOPLIST_FILE = YES;
				HEADER_SEARCH_PATHS = /opt/homebrew/include;
				INFOPLIST_FILE = StoryBoardSwiftUI/Info.plist;
				INFOPLIST_KEY_UIApplicationSupportsIndirectInputEvents = YES;
				INFOPLIST_KEY_UILaunchStoryboardName = LaunchScreen;
				INFOPLIST_KEY_UIMainStoryboardFile = Main;
				INFOPLIST_KEY_UISupportedInterfaceOrientations_iPad = "UIInterfaceOrientationPortrait UIInterfaceOrientationPortraitUpsideDown UIInterfaceOrientationLandscapeLeft UIInterfaceOrientationLandscapeRight";
				INFOPLIST_KEY_UISupportedInterfaceOrientations_iPhone = "UIInterfaceOrientationPortrait UIInterfaceOrientationLandscapeLeft UIInterfaceOrientationLandscapeRight";
				LD_RUNPATH_SEARCH_PATHS = (
					"$(inherited)",
					"@executable_path/Frameworks",
				);
				LIBRARY_SEARCH_PATHS = /opt/homebrew/lib;
				MARKETING_VERSION = 1.0;
				PRODUCT_BUNDLE_IDENTIFIER = com.test.dev.tool.StoryBoardSwiftUI;
				PRODUCT_NAME = "$(TARGET_NAME)";
				SWIFT_EMIT_LOC_STRINGS = YES;
				SWIFT_OBJC_BRIDGING_HEADER = "StoryBoardSwiftUI/CPP_Files/StoryBoardSwiftUI-Bridging-Header.h";
				SWIFT_VERSION = 5.0;
				SYSTEM_HEADER_SEARCH_PATHS = "";
				TARGETED_DEVICE_FAMILY = "1,2";
				USER_HEADER_SEARCH_PATHS = "";
			};
			name = Release;
		};
		78131B7E299F13D1005715E3 /* Debug */ = {
			isa = XCBuildConfiguration;
			buildSettings = {
				ALWAYS_EMBED_SWIFT_STANDARD_LIBRARIES = YES;
				BUNDLE_LOADER = "$(TEST_HOST)";
				CODE_SIGN_STYLE = Automatic;
				CURRENT_PROJECT_VERSION = 1;
				DEVELOPMENT_TEAM = KKC9T8D9X4;
				GENERATE_INFOPLIST_FILE = YES;
				IPHONEOS_DEPLOYMENT_TARGET = 16.2;
				MARKETING_VERSION = 1.0;
				PRODUCT_BUNDLE_IDENTIFIER = com.test.dev.tool.StoryBoardSwiftUITests;
				PRODUCT_NAME = "$(TARGET_NAME)";
				SWIFT_EMIT_LOC_STRINGS = NO;
				SWIFT_VERSION = 5.0;
				TARGETED_DEVICE_FAMILY = "1,2";
				TEST_HOST = "$(BUILT_PRODUCTS_DIR)/StoryBoardSwiftUI.app/$(BUNDLE_EXECUTABLE_FOLDER_PATH)/StoryBoardSwiftUI";
			};
			name = Debug;
		};
		78131B7F299F13D1005715E3 /* Release */ = {
			isa = XCBuildConfiguration;
			buildSettings = {
				ALWAYS_EMBED_SWIFT_STANDARD_LIBRARIES = YES;
				BUNDLE_LOADER = "$(TEST_HOST)";
				CODE_SIGN_STYLE = Automatic;
				CURRENT_PROJECT_VERSION = 1;
				DEVELOPMENT_TEAM = KKC9T8D9X4;
				GENERATE_INFOPLIST_FILE = YES;
				IPHONEOS_DEPLOYMENT_TARGET = 16.2;
				MARKETING_VERSION = 1.0;
				PRODUCT_BUNDLE_IDENTIFIER = com.test.dev.tool.StoryBoardSwiftUITests;
				PRODUCT_NAME = "$(TARGET_NAME)";
				SWIFT_EMIT_LOC_STRINGS = NO;
				SWIFT_VERSION = 5.0;
				TARGETED_DEVICE_FAMILY = "1,2";
				TEST_HOST = "$(BUILT_PRODUCTS_DIR)/StoryBoardSwiftUI.app/$(BUNDLE_EXECUTABLE_FOLDER_PATH)/StoryBoardSwiftUI";
			};
			name = Release;
		};
		78131B81299F13D1005715E3 /* Debug */ = {
			isa = XCBuildConfiguration;
			buildSettings = {
				ALWAYS_EMBED_SWIFT_STANDARD_LIBRARIES = YES;
				CODE_SIGN_STYLE = Automatic;
				CURRENT_PROJECT_VERSION = 1;
				DEVELOPMENT_TEAM = KKC9T8D9X4;
				GENERATE_INFOPLIST_FILE = YES;
				MARKETING_VERSION = 1.0;
				PRODUCT_BUNDLE_IDENTIFIER = com.test.dev.tool.StoryBoardSwiftUIUITests;
				PRODUCT_NAME = "$(TARGET_NAME)";
				SWIFT_EMIT_LOC_STRINGS = NO;
				SWIFT_VERSION = 5.0;
				TARGETED_DEVICE_FAMILY = "1,2";
				TEST_TARGET_NAME = StoryBoardSwiftUI;
			};
			name = Debug;
		};
		78131B82299F13D1005715E3 /* Release */ = {
			isa = XCBuildConfiguration;
			buildSettings = {
				ALWAYS_EMBED_SWIFT_STANDARD_LIBRARIES = YES;
				CODE_SIGN_STYLE = Automatic;
				CURRENT_PROJECT_VERSION = 1;
				DEVELOPMENT_TEAM = KKC9T8D9X4;
				GENERATE_INFOPLIST_FILE = YES;
				MARKETING_VERSION = 1.0;
				PRODUCT_BUNDLE_IDENTIFIER = com.test.dev.tool.StoryBoardSwiftUIUITests;
				PRODUCT_NAME = "$(TARGET_NAME)";
				SWIFT_EMIT_LOC_STRINGS = NO;
				SWIFT_VERSION = 5.0;
				TARGETED_DEVICE_FAMILY = "1,2";
				TEST_TARGET_NAME = StoryBoardSwiftUI;
			};
			name = Release;
		};
/* End XCBuildConfiguration section */

/* Begin XCConfigurationList section */
		78131B4B299F13D0005715E3 /* Build configuration list for PBXProject "StoryBoardSwiftUI" */ = {
			isa = XCConfigurationList;
			buildConfigurations = (
				78131B78299F13D1005715E3 /* Debug */,
				78131B79299F13D1005715E3 /* Release */,
			);
			defaultConfigurationIsVisible = 0;
			defaultConfigurationName = Release;
		};
		78131B7A299F13D1005715E3 /* Build configuration list for PBXNativeTarget "StoryBoardSwiftUI" */ = {
			isa = XCConfigurationList;
			buildConfigurations = (
				78131B7B299F13D1005715E3 /* Debug */,
				78131B7C299F13D1005715E3 /* Release */,
			);
			defaultConfigurationIsVisible = 0;
			defaultConfigurationName = Release;
		};
		78131B7D299F13D1005715E3 /* Build configuration list for PBXNativeTarget "StoryBoardSwiftUITests" */ = {
			isa = XCConfigurationList;
			buildConfigurations = (
				78131B7E299F13D1005715E3 /* Debug */,
				78131B7F299F13D1005715E3 /* Release */,
			);
			defaultConfigurationIsVisible = 0;
			defaultConfigurationName = Release;
		};
		78131B80299F13D1005715E3 /* Build configuration list for PBXNativeTarget "StoryBoardSwiftUIUITests" */ = {
			isa = XCConfigurationList;
			buildConfigurations = (
				78131B81299F13D1005715E3 /* Debug */,
				78131B82299F13D1005715E3 /* Release */,
			);
			defaultConfigurationIsVisible = 0;
			defaultConfigurationName = Release;
		};
/* End XCConfigurationList section */
	};
	rootObject = 78131B48299F13D0005715E3 /* Project object */;
}
